[lock]
version = 1
snapshot = "snapshot-2026-07-31-59401211"
katari_compiler = "0.1.4"

[packages.ai]
source = "git"
url = "https://github.com/katari-lang/katari-package-ai"
rev = "de9084ff05a213ae7a278489f2ea35d8339693d9"
sha256 = "a0f71ea43f2065bfdfee35906ff12cf490a638a4b2777f736f046f1a0c4e821a"

[packages.discord]
source = "git"
url = "https://github.com/katari-lang/katari-package-discord"
rev = "3ac5f4637486699c6174e271834f28e00eabb984"
sha256 = "9365575165ed3827a185b2780558e50ddab1fb69718b6db6fec9af64c2e94afc"

[packages.memory]
source = "git"
url = "https://github.com/katari-lang/katari-package-memory"
rev = "cbf3af09804230d466d8037ad39bee3f569e0938"
sha256 = "febe671d52cb6199decac26a07d34a3371fa6d6e1041879d85f15a6b5c945663"
