[lock]
version = 1
snapshot = "snapshot-2026-08-02-a21d858c"
katari_compiler = "0.1.6"

[packages.ai]
source = "git"
url = "https://github.com/katari-lang/katari-package-ai"
rev = "4d22d019d1b1c6f5322b9bb8b900c09fdf24c1db"
sha256 = "f9e39129c2aefc8640b0f41365efd171a86bd73fa855f4cd0807c76d2d1afde8"

[packages.discord]
source = "git"
url = "https://github.com/katari-lang/katari-package-discord"
rev = "ac2b88af31e378f73878577d938310551de701a8"
sha256 = "2aa7413f57fb2eba5ed119a9503c0fec881a524331ec5d45762322e9024fc838"

[packages.memory]
source = "git"
url = "https://github.com/katari-lang/katari-package-memory"
rev = "8e67530e19b70220aeaf67016cdf42471990041f"
sha256 = "02f55d4c38f127e1f992674f60ec9fe6daee2d4417b12cc645e19f6e01068d78"
