[lock]
version = 1
snapshot = "snapshot-2026-08-02-a21d858c"
katari_compiler = "0.1.6"

[packages.ai]
source = "git"
url = "https://github.com/katari-lang/katari-package-ai"
rev = "4d22d019d1b1c6f5322b9bb8b900c09fdf24c1db"
sha256 = "f9e39129c2aefc8640b0f41365efd171a86bd73fa855f4cd0807c76d2d1afde8"

[packages.discord]
source = "git"
url = "https://github.com/katari-lang/katari-package-discord"
rev = "ac2b88af31e378f73878577d938310551de701a8"
sha256 = "2aa7413f57fb2eba5ed119a9503c0fec881a524331ec5d45762322e9024fc838"

[packages.gmail]
source = "git"
url = "https://github.com/katari-lang/katari-package-gmail"
rev = "1444041da4c0ad29b12d8c82736c6b019bafe29e"
sha256 = "4553d7cdad93ecb038f993ca952df96a7968960f43a53120a5cd4d7967e682fc"

[packages.google_calendar]
source = "git"
url = "https://github.com/katari-lang/katari-package-google_calendar"
rev = "878b8f9fc97a11b598956bbb4815b1355dfd14e9"
sha256 = "123d54d1bcdc6116eaec1059e311ade5807a63b876c4d8ccc7d066d5a3793139"

[packages.google_common]
source = "git"
url = "https://github.com/katari-lang/katari-package-google_common"
rev = "1ef394235d1c0ed99d0bcff05edcc2e897906231"
sha256 = "c1d0364453c22eb363cb5df80e807d6309857d44f80572551ebf1385b13b68f0"
