[lock]
version = 1
snapshot = "snapshot-2026-07-31-59401211"
katari_compiler = "0.1.4"

[packages.ai]
source = "git"
url = "https://github.com/katari-lang/katari-package-ai"
rev = "de9084ff05a213ae7a278489f2ea35d8339693d9"
sha256 = "a0f71ea43f2065bfdfee35906ff12cf490a638a4b2777f736f046f1a0c4e821a"

[packages.discord]
source = "git"
url = "https://github.com/katari-lang/katari-package-discord"
rev = "3ac5f4637486699c6174e271834f28e00eabb984"
sha256 = "9365575165ed3827a185b2780558e50ddab1fb69718b6db6fec9af64c2e94afc"

[packages.gmail]
source = "git"
url = "https://github.com/katari-lang/katari-package-gmail"
rev = "7b0d30f81ad126db44683518164797dee69a0f90"
sha256 = "fe4ba19df3dc31607dda85a7575e92f62cb35542c008a75d8b87e06b05aa3ed3"

[packages.google_calendar]
source = "git"
url = "https://github.com/katari-lang/katari-package-google_calendar"
rev = "8a2f5b5d5d9542b5c4648bfb4845c969e9818b50"
sha256 = "22df54b68e63fdaa41563fe6a9342196ec6c1818fe2419448224f7698c5216e3"

[packages.google_common]
source = "git"
url = "https://github.com/katari-lang/katari-package-google_common"
rev = "494b8609140ab5125c9411578afe41e82503c012"
sha256 = "f0be6f11959abbe7dac2dbf632a56d057addfdad5cc7c5e5109746c1918904a8"
