[lock]
version = 1
snapshot = "snapshot-2026-07-31-59401211"
katari_compiler = "0.1.4"

[packages.ai]
source = "git"
url = "https://github.com/katari-lang/katari-package-ai"
rev = "de9084ff05a213ae7a278489f2ea35d8339693d9"
sha256 = "a0f71ea43f2065bfdfee35906ff12cf490a638a4b2777f736f046f1a0c4e821a"

[packages.slack]
source = "git"
url = "https://github.com/katari-lang/katari-package-slack"
rev = "5e91101c58fad876401f242f8d6692c26e8b408b"
sha256 = "e7118343bffb1045bd1f2af34bf53fb64504f019de03cd1b98e62a6612148439"
